{
  "name": "alloycrop4curltech",
  "version": "1.0.4-curltech",
  "lockfileVersion": 1,
  "requires": true,
  "dependencies": {
    "alloyfinger": {
      "version": "0.1.16",
      "resolved": "https://registry.npmjs.org/alloyfinger/-/alloyfinger-0.1.16.tgz",
      "integrity": "sha512-AfsLALs929WQsjSk1pbysoiVU3bgm/4k1wdZDtMQ7uI7b8XweqCCnUiBYqqdp8uPZ1fBq/+LCJhgUlhd90FssQ=="
    },
    "css3transform": {
      "version": "1.2.3",
      "resolved": "https://registry.npmjs.org/css3transform/-/css3transform-1.2.3.tgz",
      "integrity": "sha512-6VmJ0s6X+mUuYh0xAxqhSi0i3vt52gAu3lL1mBoXLYPGfPHOm2pjYNRDYD6pdrBrszU/4njk5a9t6K2JjwX1Yg=="
    }
  }
}
